github.com/aliyun/aliyun-oss-go-sdk v2.0.1+incompatible h1:/MzpJOMHn/uBtd1dkS7Q9PF2ZjT6xTQMXSvv1e6ydXc=
github.com/aliyun/aliyun-oss-go-sdk v2.0.1+incompatible/go.mod h1:T/Aws4fEfogEE9v+HPhhw+CntffsBHJ8nXQCwKr0/g8=
github.com/baiyubin/aliyun-sts-go-sdk v0.0.0-20180326062324-cfa1a18b161f h1:ZNv7On9kyUzm7fvRZumSyy/IUiSC7AzL0I1jKKtwooA=
github.com/baiyubin/aliyun-sts-go-sdk v0.0.0-20180326062324-cfa1a18b161f/go.mod h1:AuiFmCCPBSrqvVMvuqFuk0qogytodnVFVSN5CeJB8Gc=
github.com/kr/pretty v0.1.0 h1:L/CwN0zerZDmRFUapSPitk6f+Q3+0za1rQkzVuMiMFI=
github.com/kr/pretty v0.1.0/go.mod h1:dAy3ld7l9f0ibDNOQOHHMYYIIbhfbHSm3C4ZsoJORNo=
github.com/kr/pty v1.1.1/go.mod h1:pFQYn66WHrOpPYNljwOMqo10TkYh1fy3cYio2l3bCsQ=
github.com/kr/text v0.1.0 h1:45sCR5RtlFHMR4UwH9sdQ5TC8v0qDQCHnXt+kaKSTVE=
github.com/kr/text v0.1.0/go.mod h1:4Jbv+DJW3UT/LiOwJeYQe1efqtUx/iVham/4vfdArNI=
github.com/satori/go.uuid v1.2.0 h1:0uYX9dsZ2yD7q2RtLRtPSdGDWzjeM3TbMJP9utgA0ww=
github.com/satori/go.uuid v1.2.0/go.mod h1:dA0hQrYB0VpLJoorglMZABFdXlWrHn1NEOzdhQKdks0=
golang.org/x/time v0.0.0-20190308202827-9d24e82272b4 h1:SvFZT6jyqRaOeXpc5h/JSfZenJ2O330aBsf7JfSUXmQ=
golang.org/x/time v0.0.0-20190308202827-9d24e82272b4/go.mod h1:tRJNPiyCQ0inRvYxbN9jk5I+vvW/OXSQhTDSoE431IQ=
gopkg.in/check.v1 v1.0.0-20180628173108-788fd7840127 h1:qIbj1fsPNlZgppZ+VLlY7N33q108Sa+fhmuc+sWQYwY=
gopkg.in/check.v1 v1.0.0-20180628173108-788fd7840127/go.mod h1:Co6ibVJAznAaIkqp8huTwlJQCZ016jof/cbN4VW5Yz0=
